// !$*UTF8*$!
{
	archiveVersion = 1;
	classes = {
	};
	objectVersion = 77;
	objects = {

/* Begin PBXBuildFile section */
		16874E142D43AE9200B13BF0 /* RxBlocking in Frameworks */ = {isa = PBXBuildFile; productRef = 16874E132D43AE9200B13BF0 /* RxBlocking */; };
		16874E162D43AE9200B13BF0 /* RxCocoa in Frameworks */ = {isa = PBXBuildFile; productRef = 16874E152D43AE9200B13BF0 /* RxCocoa */; };
		16874E182D43AE9200B13BF0 /* RxRelay in Frameworks */ = {isa = PBXBuildFile; productRef = 16874E172D43AE9200B13BF0 /* RxRelay */; };
		16874E1A2D43AE9200B13BF0 /* RxSwift in Frameworks */ = {isa = PBXBuildFile; productRef = 16874E192D43AE9200B13BF0 /* RxSwift */; };
		16874E1C2D43AE9200B13BF0 /* RxTest in Frameworks */ = {isa = PBXBuildFile; productRef = 16874E1B2D43AE9200B13BF0 /* RxTest */; };
		16874E1F2D43AECB00B13BF0 /* SwiftyJSON in Frameworks */ = {isa = PBXBuildFile; productRef = 16874E1E2D43AECB00B13BF0 /* SwiftyJSON */; };
/* End PBXBuildFile section */

/* Begin PBXFileReference section */
		16874DFA2D43AE4400B13BF0 /* RxSwift01.app */ = {isa = PBXFileReference; explicitFileType = wrapper.application; includeInIndex = 0; path = RxSwift01.app; sourceTree = BUILT_PRODUCTS_DIR; };
/* End PBXFileReference section */

/* Begin PBXFileSystemSynchronizedBuildFileExceptionSet section */
		16874E0C2D43AE4500B13BF0 /* Exceptions for "RxSwift01" folder in "RxSwift01" target */ = {
			isa = PBXFileSystemSynchronizedBuildFileExceptionSet;
			membershipExceptions = (
				Info.plist,
			);
			target = 16874DF92D43AE4400B13BF0 /* RxSwift01 */;
		};
/* End PBXFileSystemSynchronizedBuildFileExceptionSet section */

/* Begin PBXFileSystemSynchronizedRootGroup section */
		16874DFC2D43AE4400B13BF0 /* RxSwift01 */ = {
			isa = PBXFileSystemSynchronizedRootGroup;
			exceptions = (
				16874E0C2D43AE4500B13BF0 /* Exceptions for "RxSwift01" folder in "RxSwift01" target */,
			);
			path = RxSwift01;
			sourceTree = "<group>";
		};
/* End PBXFileSystemSynchronizedRootGroup section */

/* Begin PBXFrameworksBuildPhase section */
		16874DF72D43AE4400B13BF0 /* Frameworks */ = {
			isa = PBXFrameworksBuildPhase;
			buildActionMask = 2147483647;
			files = (
				16874E1F2D43AECB00B13BF0 /* SwiftyJSON in Frameworks */,
				16874E1C2D43AE9200B13BF0 /* RxTest in Frameworks */,
				16874E182D43AE9200B13BF0 /* RxRelay in Frameworks */,
				16874E162D43AE9200B13BF0 /* RxCocoa in Frameworks */,
				16874E1A2D43AE9200B13BF0 /* RxSwift in Frameworks */,
				16874E142D43AE9200B13BF0 /* RxBlocking in Frameworks */,
			);
			runOnlyForDeploymentPostprocessing = 0;
		};
/* End PBXFrameworksBuildPhase section */

/* Begin PBXGroup section */
		16874DF12D43AE4400B13BF0 = {
			isa = PBXGroup;
			children = (
				16874DFC2D43AE4400B13BF0 /* RxSwift01 */,
				16874DFB2D43AE4400B13BF0 /* Products */,
			);
			sourceTree = "<group>";
		};
		16874DFB2D43AE4400B13BF0 /* Products */ = {
			isa = PBXGroup;
			children = (
				16874DFA2D43AE4400B13BF0 /* RxSwift01.app */,
			);
			name = Products;
			sourceTree = "<group>";
		};
/* End PBXGroup section */

/* Begin PBXNativeTarget section */
		16874DF92D43AE4400B13BF0 /* RxSwift01 */ = {
			isa = PBXNativeTarget;
			buildConfigurationList = 16874E0D2D43AE4500B13BF0 /* Build configuration list for PBXNativeTarget "RxSwift01" */;
			buildPhases = (
				16874DF62D43AE4400B13BF0 /* Sources */,
				16874DF72D43AE4400B13BF0 /* Frameworks */,
				16874DF82D43AE4400B13BF0 /* Resources */,
			);
			buildRules = (
			);
			dependencies = (
			);
			fileSystemSynchronizedGroups = (
				16874DFC2D43AE4400B13BF0 /* RxSwift01 */,
			);
			name = RxSwift01;
			packageProductDependencies = (
				16874E132D43AE9200B13BF0 /* RxBlocking */,
				16874E152D43AE9200B13BF0 /* RxCocoa */,
				16874E172D43AE9200B13BF0 /* RxRelay */,
				16874E192D43AE9200B13BF0 /* RxSwift */,
				16874E1B2D43AE9200B13BF0 /* RxTest */,
				16874E1E2D43AECB00B13BF0 /* SwiftyJSON */,
			);
			productName = RxSwift01;
			productReference = 16874DFA2D43AE4400B13BF0 /* RxSwift01.app */;
			productType = "com.apple.product-type.application";
		};
/* End PBXNativeTarget section */

/* Begin PBXProject section */
		16874DF22D43AE4400B13BF0 /* Project object */ = {
			isa = PBXProject;
			attributes = {
				BuildIndependentTargetsInParallel = 1;
				LastSwiftUpdateCheck = 1620;
				LastUpgradeCheck = 1620;
				TargetAttributes = {
					16874DF92D43AE4400B13BF0 = {
						CreatedOnToolsVersion = 16.2;
					};
				};
			};
			buildConfigurationList = 16874DF52D43AE4400B13BF0 /* Build configuration list for PBXProject "RxSwift01" */;
			developmentRegion = en;
			hasScannedForEncodings = 0;
			knownRegions = (
				en,
				Base,
			);
			mainGroup = 16874DF12D43AE4400B13BF0;
			minimizedProjectReferenceProxies = 1;
			packageReferences = (
				16874E122D43AE9200B13BF0 /* XCRemoteSwiftPackageReference "RxSwift" */,
				16874E1D2D43AECB00B13BF0 /* XCRemoteSwiftPackageReference "SwiftyJSON" */,
			);
			preferredProjectObjectVersion = 77;
			productRefGroup = 16874DFB2D43AE4400B13BF0 /* Products */;
			projectDirPath = "";
			projectRoot = "";
			targets = (
				16874DF92D43AE4400B13BF0 /* RxSwift01 */,
			);
		};
/* End PBXProject section */

/* Begin PBXResourcesBuildPhase section */
		16874DF82D43AE4400B13BF0 /* Resources */ = {
			isa = PBXResourcesBuildPhase;
			buildActionMask = 2147483647;
			files = (
			);
			runOnlyForDeploymentPostprocessing = 0;
		};
/* End PBXResourcesBuildPhase section */

/* Begin PBXSourcesBuildPhase section */
		16874DF62D43AE4400B13BF0 /* Sources */ = {
			isa = PBXSourcesBuildPhase;
			buildActionMask = 2147483647;
			files = (
			);
			runOnlyForDeploymentPostprocessing = 0;
		};
/* End PBXSourcesBuildPhase section */

/* Begin XCBuildConfiguration section */
		16874E0E2D43AE4500B13BF0 /* Debug */ = {
			isa = XCBuildConfiguration;
			buildSettings = {
				ASSETCATALOG_COMPILER_APPICON_NAME = AppIcon;
				ASSETCATALOG_COMPILER_GLOBAL_ACCENT_COLOR_NAME = AccentColor;
				CODE_SIGN_STYLE = Automatic;
				CURRENT_PROJECT_VERSION = 1;
				DEVELOPMENT_TEAM = 83K577A944;
				GENERATE_INFOPLIST_FILE = YES;
				INFOPLIST_FILE = RxSwift01/Info.plist;
				INFOPLIST_KEY_UIApplicationSupportsIndirectInputEvents = YES;
				INFOPLIST_KEY_UILaunchStoryboardName = LaunchScreen;
				INFOPLIST_KEY_UIMainStoryboardFile = Main;
				INFOPLIST_KEY_UISupportedInterfaceOrientations_iPad = "UIInterfaceOrientationPortrait UIInterfaceOrientationPortraitUpsideDown UIInterfaceOrientationLandscapeLeft UIInterfaceOrientationLandscapeRight";
				INFOPLIST_KEY_UISupportedInterfaceOrientations_iPhone = "UIInterfaceOrientationPortrait UIInterfaceOrientationLandscapeLeft UIInterfaceOrientationLandscapeRight";
				LD_RUNPATH_SEARCH_PATHS = (
					"$(inherited)",
					"@executable_path/Frameworks",
				);
				MARKETING_VERSION = 1.0;
				PRODUCT_BUNDLE_IDENTIFIER = com.doyeonkim.RxSwift01;
				PRODUCT_NAME = "$(TARGET_NAME)";
				SWIFT_EMIT_LOC_STRINGS = YES;
				SWIFT_VERSION = 5.0;
				TARGETED_DEVICE_FAMILY = "1,2";
			};
			name = Debug;
		};
		16874E0F2D43AE4500B13BF0 /* Release */ = {
			isa = XCBuildConfiguration;
			buildSettings = {
				ASSETCATALOG_COMPILER_APPICON_NAME = AppIcon;
				ASSETCATALOG_COMPILER_GLOBAL_ACCENT_COLOR_NAME = AccentColor;
				CODE_SIGN_STYLE = Automatic;
				CURRENT_PROJECT_VERSION = 1;
				DEVELOPMENT_TEAM = 83K577A944;
				GENERATE_INFOPLIST_FILE = YES;
				INFOPLIST_FILE = RxSwift01/Info.plist;
				INFOPLIST_KEY_UIApplicationSupportsIndirectInputEvents = YES;
				INFOPLIST_KEY_UILaunchStoryboardName = LaunchScreen;
				INFOPLIST_KEY_UIMainStoryboardFile = Main;
				INFOPLIST_KEY_UISupportedInterfaceOrientations_iPad = "UIInterfaceOrientationPortrait UIInterfaceOrientationPortraitUpsideDown UIInterfaceOrientationLandscapeLeft UIInterfaceOrientationLandscapeRight";
				INFOPLIST_KEY_UISupportedInterfaceOrientations_iPhone = "UIInterfaceOrientationPortrait UIInterfaceOrientationLandscapeLeft UIInterfaceOrientationLandscapeRight";
				LD_RUNPATH_SEARCH_PATHS = (
					"$(inherited)",
					"@executable_path/Frameworks",
				);
				MARKETING_VERSION = 1.0;
				PRODUCT_BUNDLE_IDENTIFIER = com.doyeonkim.RxSwift01;
				PRODUCT_NAME = "$(TARGET_NAME)";
				SWIFT_EMIT_LOC_STRINGS = YES;
				SWIFT_VERSION = 5.0;
				TARGETED_DEVICE_FAMILY = "1,2";
			};
			name = Release;
		};
		16874E102D43AE4500B13BF0 /* Debug */ = {
			isa = XCBuildConfiguration;
			buildSettings = {
				ALWAYS_SEARCH_USER_PATHS = NO;
				ASSETCATALOG_COMPILER_GENERATE_SWIFT_ASSET_SYMBOL_EXTENSIONS = YES;
				CLANG_ANALYZER_NONNULL = YES;
				CLANG_ANALYZER_NUMBER_OBJECT_CONVERSION = YES_AGGRESSIVE;
				CLANG_CXX_LANGUAGE_STANDARD = "gnu++20";
				CLANG_ENABLE_MODULES = YES;
				CLANG_ENABLE_OBJC_ARC = YES;
				CLANG_ENABLE_OBJC_WEAK = YES;
				CLANG_WARN_BLOCK_CAPTURE_AUTORELEASING = YES;
				CLANG_WARN_BOOL_CONVERSION = YES;
				CLANG_WARN_COMMA = YES;
				CLANG_WARN_CONSTANT_CONVERSION = YES;
				CLANG_WARN_DEPRECATED_OBJC_IMPLEMENTATIONS = YES;
				CLANG_WARN_DIRECT_OBJC_ISA_USAGE = YES_ERROR;
				CLANG_WARN_DOCUMENTATION_COMMENTS = YES;
				CLANG_WARN_EMPTY_BODY = YES;
				CLANG_WARN_ENUM_CONVERSION = YES;
				CLANG_WARN_INFINITE_RECURSION = YES;
				CLANG_WARN_INT_CONVERSION = YES;
				CLANG_WARN_NON_LITERAL_NULL_CONVERSION = YES;
				CLANG_WARN_OBJC_IMPLICIT_RETAIN_SELF = YES;
				CLANG_WARN_OBJC_LITERAL_CONVERSION = YES;
				CLANG_WARN_OBJC_ROOT_CLASS = YES_ERROR;
				CLANG_WARN_QUOTED_INCLUDE_IN_FRAMEWORK_HEADER = YES;
				CLANG_WARN_RANGE_LOOP_ANALYSIS = YES;
				CLANG_WARN_STRICT_PROTOTYPES = YES;
				CLANG_WARN_SUSPICIOUS_MOVE = YES;
				CLANG_WARN_UNGUARDED_AVAILABILITY = YES_AGGRESSIVE;
				CLANG_WARN_UNREACHABLE_CODE = YES;
				CLANG_WARN__DUPLICATE_METHOD_MATCH = YES;
				COPY_PHASE_STRIP = NO;
				DEBUG_INFORMATION_FORMAT = dwarf;
				ENABLE_STRICT_OBJC_MSGSEND = YES;
				ENABLE_TESTABILITY = YES;
				ENABLE_USER_SCRIPT_SANDBOXING = YES;
				GCC_C_LANGUAGE_STANDARD = gnu17;
				GCC_DYNAMIC_NO_PIC = NO;
				GCC_NO_COMMON_BLOCKS = YES;
				GCC_OPTIMIZATION_LEVEL = 0;
				GCC_PREPROCESSOR_DEFINITIONS = (
					"DEBUG=1",
					"$(inherited)",
				);
				GCC_WARN_64_TO_32_BIT_CONVERSION = YES;
				GCC_WARN_ABOUT_RETURN_TYPE = YES_ERROR;
				GCC_WARN_UNDECLARED_SELECTOR = YES;
				GCC_WARN_UNINITIALIZED_AUTOS = YES_AGGRESSIVE;
				GCC_WARN_UNUSED_FUNCTION = YES;
				GCC_WARN_UNUSED_VARIABLE = YES;
				IPHONEOS_DEPLOYMENT_TARGET = 18.2;
				LOCALIZATION_PREFERS_STRING_CATALOGS = YES;
				MTL_ENABLE_DEBUG_INFO = INCLUDE_SOURCE;
				MTL_FAST_MATH = YES;
				ONLY_ACTIVE_ARCH = YES;
				SDKROOT = iphoneos;
				SWIFT_ACTIVE_COMPILATION_CONDITIONS = "DEBUG $(inherited)";
				SWIFT_OPTIMIZATION_LEVEL = "-Onone";
			};
			name = Debug;
		};
		16874E112D43AE4500B13BF0 /* Release */ = {
			isa = XCBuildConfiguration;
			buildSettings = {
				ALWAYS_SEARCH_USER_PATHS = NO;
				ASSETCATALOG_COMPILER_GENERATE_SWIFT_ASSET_SYMBOL_EXTENSIONS = YES;
				CLANG_ANALYZER_NONNULL = YES;
				CLANG_ANALYZER_NUMBER_OBJECT_CONVERSION = YES_AGGRESSIVE;
				CLANG_CXX_LANGUAGE_STANDARD = "gnu++20";
				CLANG_ENABLE_MODULES = YES;
				CLANG_ENABLE_OBJC_ARC = YES;
				CLANG_ENABLE_OBJC_WEAK = YES;
				CLANG_WARN_BLOCK_CAPTURE_AUTORELEASING = YES;
				CLANG_WARN_BOOL_CONVERSION = YES;
				CLANG_WARN_COMMA = YES;
				CLANG_WARN_CONSTANT_CONVERSION = YES;
				CLANG_WARN_DEPRECATED_OBJC_IMPLEMENTATIONS = YES;
				CLANG_WARN_DIRECT_OBJC_ISA_USAGE = YES_ERROR;
				CLANG_WARN_DOCUMENTATION_COMMENTS = YES;
				CLANG_WARN_EMPTY_BODY = YES;
				CLANG_WARN_ENUM_CONVERSION = YES;
				CLANG_WARN_INFINITE_RECURSION = YES;
				CLANG_WARN_INT_CONVERSION = YES;
				CLANG_WARN_NON_LITERAL_NULL_CONVERSION = YES;
				CLANG_WARN_OBJC_IMPLICIT_RETAIN_SELF = YES;
				CLANG_WARN_OBJC_LITERAL_CONVERSION = YES;
				CLANG_WARN_OBJC_ROOT_CLASS = YES_ERROR;
				CLANG_WARN_QUOTED_INCLUDE_IN_FRAMEWORK_HEADER = YES;
				CLANG_WARN_RANGE_LOOP_ANALYSIS = YES;
				CLANG_WARN_STRICT_PROTOTYPES = YES;
				CLANG_WARN_SUSPICIOUS_MOVE = YES;
				CLANG_WARN_UNGUARDED_AVAILABILITY = YES_AGGRESSIVE;
				CLANG_WARN_UNREACHABLE_CODE = YES;
				CLANG_WARN__DUPLICATE_METHOD_MATCH = YES;
				COPY_PHASE_STRIP = NO;
				DEBUG_INFORMATION_FORMAT = "dwarf-with-dsym";
				ENABLE_NS_ASSERTIONS = NO;
				ENABLE_STRICT_OBJC_MSGSEND = YES;
				ENABLE_USER_SCRIPT_SANDBOXING = YES;
				GCC_C_LANGUAGE_STANDARD = gnu17;
				GCC_NO_COMMON_BLOCKS = YES;
				GCC_WARN_64_TO_32_BIT_CONVERSION = YES;
				GCC_WARN_ABOUT_RETURN_TYPE = YES_ERROR;
				GCC_WARN_UNDECLARED_SELECTOR = YES;
				GCC_WARN_UNINITIALIZED_AUTOS = YES_AGGRESSIVE;
				GCC_WARN_UNUSED_FUNCTION = YES;
				GCC_WARN_UNUSED_VARIABLE = YES;
				IPHONEOS_DEPLOYMENT_TARGET = 18.2;
				LOCALIZATION_PREFERS_STRING_CATALOGS = YES;
				MTL_ENABLE_DEBUG_INFO = NO;
				MTL_FAST_MATH = YES;
				SDKROOT = iphoneos;
				SWIFT_COMPILATION_MODE = wholemodule;
				VALIDATE_PRODUCT = YES;
			};
			name = Release;
		};
/* End XCBuildConfiguration section */

/* Begin XCConfigurationList section */
		16874DF52D43AE4400B13BF0 /* Build configuration list for PBXProject "RxSwift01" */ = {
			isa = XCConfigurationList;
			buildConfigurations = (
				16874E102D43AE4500B13BF0 /* Debug */,
				16874E112D43AE4500B13BF0 /* Release */,
			);
			defaultConfigurationIsVisible = 0;
			defaultConfigurationName = Release;
		};
		16874E0D2D43AE4500B13BF0 /* Build configuration list for PBXNativeTarget "RxSwift01" */ = {
			isa = XCConfigurationList;
			buildConfigurations = (
				16874E0E2D43AE4500B13BF0 /* Debug */,
				16874E0F2D43AE4500B13BF0 /* Release */,
			);
			defaultConfigurationIsVisible = 0;
			defaultConfigurationName = Release;
		};
/* End XCConfigurationList section */

/* Begin XCRemoteSwiftPackageReference section */
		16874E122D43AE9200B13BF0 /* XCRemoteSwiftPackageReference "RxSwift" */ = {
			isa = XCRemoteSwiftPackageReference;
			repositoryURL = "https://github.com/ReactiveX/RxSwift.git";
			requirement = {
				kind = upToNextMajorVersion;
				minimumVersion = 6.8.0;
			};
		};
		16874E1D2D43AECB00B13BF0 /* XCRemoteSwiftPackageReference "SwiftyJSON" */ = {
			isa = XCRemoteSwiftPackageReference;
			repositoryURL = "https://github.com/SwiftyJSON/SwiftyJSON";
			requirement = {
				kind = upToNextMajorVersion;
				minimumVersion = 5.0.2;
			};
		};
/* End XCRemoteSwiftPackageReference section */

/* Begin XCSwiftPackageProductDependency section */
		16874E132D43AE9200B13BF0 /* RxBlocking */ = {
			isa = XCSwiftPackageProductDependency;
			package = 16874E122D43AE9200B13BF0 /* XCRemoteSwiftPackageReference "RxSwift" */;
			productName = RxBlocking;
		};
		16874E152D43AE9200B13BF0 /* RxCocoa */ = {
			isa = XCSwiftPackageProductDependency;
			package = 16874E122D43AE9200B13BF0 /* XCRemoteSwiftPackageReference "RxSwift" */;
			productName = RxCocoa;
		};
		16874E172D43AE9200B13BF0 /* RxRelay */ = {
			isa = XCSwiftPackageProductDependency;
			package = 16874E122D43AE9200B13BF0 /* XCRemoteSwiftPackageReference "RxSwift" */;
			productName = RxRelay;
		};
		16874E192D43AE9200B13BF0 /* RxSwift */ = {
			isa = XCSwiftPackageProductDependency;
			package = 16874E122D43AE9200B13BF0 /* XCRemoteSwiftPackageReference "RxSwift" */;
			productName = RxSwift;
		};
		16874E1B2D43AE9200B13BF0 /* RxTest */ = {
			isa = XCSwiftPackageProductDependency;
			package = 16874E122D43AE9200B13BF0 /* XCRemoteSwiftPackageReference "RxSwift" */;
			productName = RxTest;
		};
		16874E1E2D43AECB00B13BF0 /* SwiftyJSON */ = {
			isa = XCSwiftPackageProductDependency;
			package = 16874E1D2D43AECB00B13BF0 /* XCRemoteSwiftPackageReference "SwiftyJSON" */;
			productName = SwiftyJSON;
		};
/* End XCSwiftPackageProductDependency section */
	};
	rootObject = 16874DF22D43AE4400B13BF0 /* Project object */;
}
